
Microsoft Visual Studio Solution File, Format Version 12.00
# Visual Studio Version 17
VisualStudioVersion = 17.9.34701.34
MinimumVisualStudioVersion = 10.0.40219.1
Project("{FAE04EC0-301F-11D3-BF4B-00C04F79EFBC}") = "EFConsoleUI", "EFConsoleUI\EFConsoleUI.csproj", "{AE92A486-D4CE-4C4E-8B6C-B798785FBB8A}"
EndProject
Global
	GlobalSection(SolutionConfigurationPlatforms) = preSolution
		Debug|Any CPU = Debug|Any CPU
		Release|Any CPU = Release|Any CPU
	EndGlobalSection
	GlobalSection(ProjectConfigurationPlatforms) = postSolution
		{AE92A486-D4CE-4C4E-8B6C-B798785FBB8A}.Debug|Any CPU.ActiveCfg = Debug|Any CPU
		{AE92A486-D4CE-4C4E-8B6C-B798785FBB8A}.Debug|Any CPU.Build.0 = Debug|Any CPU
		{AE92A486-D4CE-4C4E-8B6C-B798785FBB8A}.Release|Any CPU.ActiveCfg = Release|Any CPU
		{AE92A486-D4CE-4C4E-8B6C-B798785FBB8A}.Release|Any CPU.Build.0 = Release|Any CPU
	EndGlobalSection
	GlobalSection(SolutionProperties) = preSolution
		HideSolutionNode = FALSE
	EndGlobalSection
	GlobalSection(ExtensibilityGlobals) = postSolution
		SolutionGuid = {8514FF82-0563-4480-82AB-739F9CF1672B}
	EndGlobalSection
EndGlobal
